PODS:
  - SimpleCustomizableTextView (0.1.0)

DEPENDENCIES:
  - SimpleCustomizableTextView (from `../`)

EXTERNAL SOURCES:
  SimpleCustomizableTextView:
    :path: "../"

SPEC CHECKSUMS:
  SimpleCustomizableTextView: e500cefc4889cc8ce38b4c2a25f04a6a3aaf3ed3

PODFILE CHECKSUM: 1da45706975c5c2d2475264c2eda07ae968ce6d9

COCOAPODS: 1.1.1
